
Microsoft Visual Studio Solution File, Format Version 12.00
# Visual Studio Version 17
VisualStudioVersion = 17.3.32922.545
MinimumVisualStudioVersion = 10.0.40219.1
Project("{FAE04EC0-301F-11D3-BF4B-00C04F79EFBC}") = "Rasmus WebShop", "Rasmus WebShop.csproj", "{03A78521-ABE7-4393-B3DD-483C2565067A}"
EndProject
Global
	GlobalSection(SolutionConfigurationPlatforms) = preSolution
		Debug|Any CPU = Debug|Any CPU
		Release|Any CPU = Release|Any CPU
	EndGlobalSection
	GlobalSection(ProjectConfigurationPlatforms) = postSolution
		{03A78521-ABE7-4393-B3DD-483C2565067A}.Debug|Any CPU.ActiveCfg = Debug|Any CPU
		{03A78521-ABE7-4393-B3DD-483C2565067A}.Debug|Any CPU.Build.0 = Debug|Any CPU
		{03A78521-ABE7-4393-B3DD-483C2565067A}.Release|Any CPU.ActiveCfg = Release|Any CPU
		{03A78521-ABE7-4393-B3DD-483C2565067A}.Release|Any CPU.Build.0 = Release|Any CPU
	EndGlobalSection
	GlobalSection(SolutionProperties) = preSolution
		HideSolutionNode = FALSE
	EndGlobalSection
	GlobalSection(ExtensibilityGlobals) = postSolution
		SolutionGuid = {92F2DA6E-4441-43CA-9CF4-C50C6029C7F5}
	EndGlobalSection
EndGlobal
